
Microsoft Visual Studio Solution File, Format Version 12.00
# Visual Studio 15
VisualStudioVersion = 15.0.28307.572
MinimumVisualStudioVersion = 10.0.40219.1
Project("{9A19103F-16F7-4668-BE54-9A1E7A4F7556}") = "apiAntHc", "apiAntHc\apiAntHc.csproj", "{90593D48-9D89-4872-8EDC-B364ACE01475}"
EndProject
Global
	GlobalSection(SolutionConfigurationPlatforms) = preSolution
		Debug|Any CPU = Debug|Any CPU
		Release|Any CPU = Release|Any CPU
	EndGlobalSection
	GlobalSection(ProjectConfigurationPlatforms) = postSolution
		{90593D48-9D89-4872-8EDC-B364ACE01475}.Debug|Any CPU.ActiveCfg = Debug|Any CPU
		{90593D48-9D89-4872-8EDC-B364ACE01475}.Debug|Any CPU.Build.0 = Debug|Any CPU
		{90593D48-9D89-4872-8EDC-B364ACE01475}.Release|Any CPU.ActiveCfg = Release|Any CPU
		{90593D48-9D89-4872-8EDC-B364ACE01475}.Release|Any CPU.Build.0 = Release|Any CPU
	EndGlobalSection
	GlobalSection(SolutionProperties) = preSolution
		HideSolutionNode = FALSE
	EndGlobalSection
	GlobalSection(ExtensibilityGlobals) = postSolution
		SolutionGuid = {6806945C-5B3F-469E-94B2-D64FAB56403E}
	EndGlobalSection
EndGlobal
